
Microsoft Visual Studio Solution File, Format Version 12.00
# Visual Studio 14
VisualStudioVersion = 14.0.25123.0
MinimumVisualStudioVersion = 10.0.40219.1
Project("{2150E333-8FDC-42A3-9474-1A3956D46DE8}") = "SMA", "SMA", "{72D96AE3-0621-468A-8EBD-8ADA9F7DBD94}"
EndProject
Project("{D954291E-2A0B-460D-934E-DC6B0785DB48}") = "SMA.Shared", "SMA\SMA.Shared\SMA.Shared.shproj", "{9A7B1B32-77A3-408B-AD29-78630B148BD2}"
EndProject
Project("{FAE04EC0-301F-11D3-BF4B-00C04F79EFBC}") = "SMA.Windows", "SMA\SMA.Windows\SMA.Windows.csproj", "{E3DD3784-A9AE-492D-9853-31F14A11E9E0}"
EndProject
Project("{FAE04EC0-301F-11D3-BF4B-00C04F79EFBC}") = "SMA.WindowsPhone", "SMA\SMA.WindowsPhone\SMA.WindowsPhone.csproj", "{539FAADB-2E51-48B3-A1E2-738EA1EC3E1F}"
	ProjectSection(ProjectDependencies) = postProject
		{BD65AC17-7A57-4BAC-A90E-A68439CB67E4} = {BD65AC17-7A57-4BAC-A90E-A68439CB67E4}
		{CBD2CE4E-09BF-4009-BD42-07FB237C93F1} = {CBD2CE4E-09BF-4009-BD42-07FB237C93F1}
	EndProjectSection
EndProject
Project("{FAE04EC0-301F-11D3-BF4B-00C04F79EFBC}") = "RawPushBGTask", "RawPushBGTask(Portable)\RawPushBGTask.csproj", "{BD65AC17-7A57-4BAC-A90E-A68439CB67E4}"
EndProject
Project("{FAE04EC0-301F-11D3-BF4B-00C04F79EFBC}") = "PushLibrary", "PushLibrary\PushLibrary.csproj", "{CBD2CE4E-09BF-4009-BD42-07FB237C93F1}"
EndProject
Global
	GlobalSection(SharedMSBuildProjectFiles) = preSolution
		SMA\SMA.Shared\SMA.Shared.projitems*{9a7b1b32-77a3-408b-ad29-78630b148bd2}*SharedItemsImports = 13
		SMA\SMA.Shared\SMA.Shared.projitems*{539faadb-2e51-48b3-a1e2-738ea1ec3e1f}*SharedItemsImports = 4
		SMA\SMA.Shared\SMA.Shared.projitems*{e3dd3784-a9ae-492d-9853-31f14a11e9e0}*SharedItemsImports = 4
	EndGlobalSection
	GlobalSection(SolutionConfigurationPlatforms) = preSolution
		Debug|Any CPU = Debug|Any CPU
		Debug|ARM = Debug|ARM
		Debug|x64 = Debug|x64
		Debug|x86 = Debug|x86
		Release|Any CPU = Release|Any CPU
		Release|ARM = Release|ARM
		Release|x64 = Release|x64
		Release|x86 = Release|x86
	EndGlobalSection
	GlobalSection(ProjectConfigurationPlatforms) = postSolution
		{E3DD3784-A9AE-492D-9853-31F14A11E9E0}.Debug|Any CPU.ActiveCfg = Debug|Any CPU
		{E3DD3784-A9AE-492D-9853-31F14A11E9E0}.Debug|Any CPU.Build.0 = Debug|Any CPU
		{E3DD3784-A9AE-492D-9853-31F14A11E9E0}.Debug|Any CPU.Deploy.0 = Debug|Any CPU
		{E3DD3784-A9AE-492D-9853-31F14A11E9E0}.Debug|ARM.ActiveCfg = Debug|ARM
		{E3DD3784-A9AE-492D-9853-31F14A11E9E0}.Debug|ARM.Build.0 = Debug|ARM
		{E3DD3784-A9AE-492D-9853-31F14A11E9E0}.Debug|ARM.Deploy.0 = Debug|ARM
		{E3DD3784-A9AE-492D-9853-31F14A11E9E0}.Debug|x64.ActiveCfg = Debug|x64
		{E3DD3784-A9AE-492D-9853-31F14A11E9E0}.Debug|x64.Build.0 = Debug|x64
		{E3DD3784-A9AE-492D-9853-31F14A11E9E0}.Debug|x64.Deploy.0 = Debug|x64
		{E3DD3784-A9AE-492D-9853-31F14A11E9E0}.Debug|x86.ActiveCfg = Debug|x86
		{E3DD3784-A9AE-492D-9853-31F14A11E9E0}.Debug|x86.Build.0 = Debug|x86
		{E3DD3784-A9AE-492D-9853-31F14A11E9E0}.Debug|x86.Deploy.0 = Debug|x86
		{E3DD3784-A9AE-492D-9853-31F14A11E9E0}.Release|Any CPU.ActiveCfg = Release|Any CPU
		{E3DD3784-A9AE-492D-9853-31F14A11E9E0}.Release|Any CPU.Build.0 = Release|Any CPU
		{E3DD3784-A9AE-492D-9853-31F14A11E9E0}.Release|Any CPU.Deploy.0 = Release|Any CPU
		{E3DD3784-A9AE-492D-9853-31F14A11E9E0}.Release|ARM.ActiveCfg = Release|ARM
		{E3DD3784-A9AE-492D-9853-31F14A11E9E0}.Release|ARM.Build.0 = Release|ARM
		{E3DD3784-A9AE-492D-9853-31F14A11E9E0}.Release|ARM.Deploy.0 = Release|ARM
		{E3DD3784-A9AE-492D-9853-31F14A11E9E0}.Release|x64.ActiveCfg = Release|x64
		{E3DD3784-A9AE-492D-9853-31F14A11E9E0}.Release|x64.Build.0 = Release|x64
		{E3DD3784-A9AE-492D-9853-31F14A11E9E0}.Release|x64.Deploy.0 = Release|x64
		{E3DD3784-A9AE-492D-9853-31F14A11E9E0}.Release|x86.ActiveCfg = Release|x86
		{E3DD3784-A9AE-492D-9853-31F14A11E9E0}.Release|x86.Build.0 = Release|x86
		{E3DD3784-A9AE-492D-9853-31F14A11E9E0}.Release|x86.Deploy.0 = Release|x86
		{539FAADB-2E51-48B3-A1E2-738EA1EC3E1F}.Debug|Any CPU.ActiveCfg = Debug|Any CPU
		{539FAADB-2E51-48B3-A1E2-738EA1EC3E1F}.Debug|Any CPU.Build.0 = Debug|Any CPU
		{539FAADB-2E51-48B3-A1E2-738EA1EC3E1F}.Debug|Any CPU.Deploy.0 = Debug|Any CPU
		{539FAADB-2E51-48B3-A1E2-738EA1EC3E1F}.Debug|ARM.ActiveCfg = Debug|ARM
		{539FAADB-2E51-48B3-A1E2-738EA1EC3E1F}.Debug|ARM.Build.0 = Debug|ARM
		{539FAADB-2E51-48B3-A1E2-738EA1EC3E1F}.Debug|ARM.Deploy.0 = Debug|ARM
		{539FAADB-2E51-48B3-A1E2-738EA1EC3E1F}.Debug|x64.ActiveCfg = Debug|Any CPU
		{539FAADB-2E51-48B3-A1E2-738EA1EC3E1F}.Debug|x64.Build.0 = Debug|Any CPU
		{539FAADB-2E51-48B3-A1E2-738EA1EC3E1F}.Debug|x64.Deploy.0 = Debug|Any CPU
		{539FAADB-2E51-48B3-A1E2-738EA1EC3E1F}.Debug|x86.ActiveCfg = Debug|x86
		{539FAADB-2E51-48B3-A1E2-738EA1EC3E1F}.Debug|x86.Build.0 = Debug|x86
		{539FAADB-2E51-48B3-A1E2-738EA1EC3E1F}.Debug|x86.Deploy.0 = Debug|x86
		{539FAADB-2E51-48B3-A1E2-738EA1EC3E1F}.Release|Any CPU.ActiveCfg = Release|Any CPU
		{539FAADB-2E51-48B3-A1E2-738EA1EC3E1F}.Release|Any CPU.Build.0 = Release|Any CPU
		{539FAADB-2E51-48B3-A1E2-738EA1EC3E1F}.Release|Any CPU.Deploy.0 = Release|Any CPU
		{539FAADB-2E51-48B3-A1E2-738EA1EC3E1F}.Release|ARM.ActiveCfg = Release|ARM
		{539FAADB-2E51-48B3-A1E2-738EA1EC3E1F}.Release|ARM.Build.0 = Release|ARM
		{539FAADB-2E51-48B3-A1E2-738EA1EC3E1F}.Release|ARM.Deploy.0 = Release|ARM
		{539FAADB-2E51-48B3-A1E2-738EA1EC3E1F}.Release|x64.ActiveCfg = Release|Any CPU
		{539FAADB-2E51-48B3-A1E2-738EA1EC3E1F}.Release|x64.Build.0 = Release|Any CPU
		{539FAADB-2E51-48B3-A1E2-738EA1EC3E1F}.Release|x64.Deploy.0 = Release|Any CPU
		{539FAADB-2E51-48B3-A1E2-738EA1EC3E1F}.Release|x86.ActiveCfg = Release|x86
		{539FAADB-2E51-48B3-A1E2-738EA1EC3E1F}.Release|x86.Build.0 = Release|x86
		{539FAADB-2E51-48B3-A1E2-738EA1EC3E1F}.Release|x86.Deploy.0 = Release|x86
		{BD65AC17-7A57-4BAC-A90E-A68439CB67E4}.Debug|Any CPU.ActiveCfg = Debug|Any CPU
		{BD65AC17-7A57-4BAC-A90E-A68439CB67E4}.Debug|Any CPU.Build.0 = Debug|Any CPU
		{BD65AC17-7A57-4BAC-A90E-A68439CB67E4}.Debug|ARM.ActiveCfg = Debug|Any CPU
		{BD65AC17-7A57-4BAC-A90E-A68439CB67E4}.Debug|ARM.Build.0 = Debug|Any CPU
		{BD65AC17-7A57-4BAC-A90E-A68439CB67E4}.Debug|x64.ActiveCfg = Debug|Any CPU
		{BD65AC17-7A57-4BAC-A90E-A68439CB67E4}.Debug|x64.Build.0 = Debug|Any CPU
		{BD65AC17-7A57-4BAC-A90E-A68439CB67E4}.Debug|x86.ActiveCfg = Debug|Any CPU
		{BD65AC17-7A57-4BAC-A90E-A68439CB67E4}.Debug|x86.Build.0 = Debug|Any CPU
		{BD65AC17-7A57-4BAC-A90E-A68439CB67E4}.Release|Any CPU.ActiveCfg = Release|Any CPU
		{BD65AC17-7A57-4BAC-A90E-A68439CB67E4}.Release|Any CPU.Build.0 = Release|Any CPU
		{BD65AC17-7A57-4BAC-A90E-A68439CB67E4}.Release|ARM.ActiveCfg = Release|Any CPU
		{BD65AC17-7A57-4BAC-A90E-A68439CB67E4}.Release|ARM.Build.0 = Release|Any CPU
		{BD65AC17-7A57-4BAC-A90E-A68439CB67E4}.Release|x64.ActiveCfg = Release|Any CPU
		{BD65AC17-7A57-4BAC-A90E-A68439CB67E4}.Release|x64.Build.0 = Release|Any CPU
		{BD65AC17-7A57-4BAC-A90E-A68439CB67E4}.Release|x86.ActiveCfg = Release|Any CPU
		{BD65AC17-7A57-4BAC-A90E-A68439CB67E4}.Release|x86.Build.0 = Release|Any CPU
		{CBD2CE4E-09BF-4009-BD42-07FB237C93F1}.Debug|Any CPU.ActiveCfg = Debug|Any CPU
		{CBD2CE4E-09BF-4009-BD42-07FB237C93F1}.Debug|Any CPU.Build.0 = Debug|Any CPU
		{CBD2CE4E-09BF-4009-BD42-07FB237C93F1}.Debug|ARM.ActiveCfg = Debug|Any CPU
		{CBD2CE4E-09BF-4009-BD42-07FB237C93F1}.Debug|ARM.Build.0 = Debug|Any CPU
		{CBD2CE4E-09BF-4009-BD42-07FB237C93F1}.Debug|x64.ActiveCfg = Debug|Any CPU
		{CBD2CE4E-09BF-4009-BD42-07FB237C93F1}.Debug|x64.Build.0 = Debug|Any CPU
		{CBD2CE4E-09BF-4009-BD42-07FB237C93F1}.Debug|x86.ActiveCfg = Debug|Any CPU
		{CBD2CE4E-09BF-4009-BD42-07FB237C93F1}.Debug|x86.Build.0 = Debug|Any CPU
		{CBD2CE4E-09BF-4009-BD42-07FB237C93F1}.Release|Any CPU.ActiveCfg = Release|Any CPU
		{CBD2CE4E-09BF-4009-BD42-07FB237C93F1}.Release|Any CPU.Build.0 = Release|Any CPU
		{CBD2CE4E-09BF-4009-BD42-07FB237C93F1}.Release|ARM.ActiveCfg = Release|Any CPU
		{CBD2CE4E-09BF-4009-BD42-07FB237C93F1}.Release|ARM.Build.0 = Release|Any CPU
		{CBD2CE4E-09BF-4009-BD42-07FB237C93F1}.Release|x64.ActiveCfg = Release|Any CPU
		{CBD2CE4E-09BF-4009-BD42-07FB237C93F1}.Release|x64.Build.0 = Release|Any CPU
		{CBD2CE4E-09BF-4009-BD42-07FB237C93F1}.Release|x86.ActiveCfg = Release|Any CPU
		{CBD2CE4E-09BF-4009-BD42-07FB237C93F1}.Release|x86.Build.0 = Release|Any CPU
	EndGlobalSection
	GlobalSection(SolutionProperties) = preSolution
		HideSolutionNode = FALSE
	EndGlobalSection
	GlobalSection(NestedProjects) = preSolution
		{9A7B1B32-77A3-408B-AD29-78630B148BD2} = {72D96AE3-0621-468A-8EBD-8ADA9F7DBD94}
		{E3DD3784-A9AE-492D-9853-31F14A11E9E0} = {72D96AE3-0621-468A-8EBD-8ADA9F7DBD94}
		{539FAADB-2E51-48B3-A1E2-738EA1EC3E1F} = {72D96AE3-0621-468A-8EBD-8ADA9F7DBD94}
		{BD65AC17-7A57-4BAC-A90E-A68439CB67E4} = {72D96AE3-0621-468A-8EBD-8ADA9F7DBD94}
	EndGlobalSection
EndGlobal
